
Microsoft Visual Studio Solution File, Format Version 12.00
# Visual Studio Version 16
VisualStudioVersion = 16.0.31729.503
MinimumVisualStudioVersion = 10.0.40219.1
Project("{FAE04EC0-301F-11D3-BF4B-00C04F79EFBC}") = "Day08", "Day08.csproj", "{91ADECF9-5EC2-44D8-9860-7414444C242A}"
EndProject
Global
	GlobalSection(SolutionConfigurationPlatforms) = preSolution
		Debug|Any CPU = Debug|Any CPU
		Release|Any CPU = Release|Any CPU
	EndGlobalSection
	GlobalSection(ProjectConfigurationPlatforms) = postSolution
		{91ADECF9-5EC2-44D8-9860-7414444C242A}.Debug|Any CPU.ActiveCfg = Debug|Any CPU
		{91ADECF9-5EC2-44D8-9860-7414444C242A}.Debug|Any CPU.Build.0 = Debug|Any CPU
		{91ADECF9-5EC2-44D8-9860-7414444C242A}.Release|Any CPU.ActiveCfg = Release|Any CPU
		{91ADECF9-5EC2-44D8-9860-7414444C242A}.Release|Any CPU.Build.0 = Release|Any CPU
	EndGlobalSection
	GlobalSection(SolutionProperties) = preSolution
		HideSolutionNode = FALSE
	EndGlobalSection
	GlobalSection(ExtensibilityGlobals) = postSolution
		SolutionGuid = {E53D904F-81E0-41F4-AE8D-82EF375B854F}
	EndGlobalSection
EndGlobal
